
Microsoft Visual Studio Solution File, Format Version 12.00
# Visual Studio 15
VisualStudioVersion = 15.0.27703.2042
MinimumVisualStudioVersion = 10.0.40219.1
Project("{9092AA53-FB77-4645-B42D-1CCCA6BD08BD}") = "MyLocationBE", "MyLocationBE.njsproj", "{989F6922-2E75-403A-9861-49340800BF37}"
EndProject
Global
	GlobalSection(SolutionConfigurationPlatforms) = preSolution
		Debug|Any CPU = Debug|Any CPU
		Release|Any CPU = Release|Any CPU
	EndGlobalSection
	GlobalSection(ProjectConfigurationPlatforms) = postSolution
		{989F6922-2E75-403A-9861-49340800BF37}.Debug|Any CPU.ActiveCfg = Debug|Any CPU
		{989F6922-2E75-403A-9861-49340800BF37}.Debug|Any CPU.Build.0 = Debug|Any CPU
		{989F6922-2E75-403A-9861-49340800BF37}.Release|Any CPU.ActiveCfg = Release|Any CPU
		{989F6922-2E75-403A-9861-49340800BF37}.Release|Any CPU.Build.0 = Release|Any CPU
	EndGlobalSection
	GlobalSection(SolutionProperties) = preSolution
		HideSolutionNode = FALSE
	EndGlobalSection
	GlobalSection(ExtensibilityGlobals) = postSolution
		SolutionGuid = {263B1F9A-7C22-401A-9B67-3308AAAE9158}
	EndGlobalSection
EndGlobal
